// !$*UTF8*$!
{
	archiveVersion = 1;
	classes = {
	};
	objectVersion = 46;
	objects = {
/* Begin PBXBuildFile section */
		0207DA581B56EA530066E2B4 /* Images.xcassets in Resources */ = {isa = PBXBuildFile; fileRef = 0207DA571B56EA530066E2B4 /* Images.xcassets */; };
		1D3623260D0F684500981E51 /* AppDelegate.m in Sources */ = {isa = PBXBuildFile; fileRef = 1D3623250D0F684500981E51 /* AppDelegate.m */; };
		1D60589B0D05DD56006BFB54 /* main.m in Sources */ = {isa = PBXBuildFile; fileRef = 29B97316FDCFA39411CA2CEA /* main.m */; };
		301BF552109A68D80062928A /* libCordova.a in Frameworks */ = {isa = PBXBuildFile; fileRef = 301BF535109A57CC0062928A /* libCordova.a */; };
		302D95F114D2391D003F00A1 /* MainViewController.m in Sources */ = {isa = PBXBuildFile; fileRef = 302D95EF14D2391D003F00A1 /* MainViewController.m */; };
		302D95F214D2391D003F00A1 /* MainViewController.xib in Resources */ = {isa = PBXBuildFile; fileRef = 302D95F014D2391D003F00A1 /* MainViewController.xib */; };
		3047A5121AB8059700498E2A /* build-debug.xcconfig in Resources */ = {isa = PBXBuildFile; fileRef = 3047A50F1AB8059700498E2A /* build-debug.xcconfig */; };
		3047A5131AB8059700498E2A /* build-release.xcconfig in Resources */ = {isa = PBXBuildFile; fileRef = 3047A5101AB8059700498E2A /* build-release.xcconfig */; };
		3047A5141AB8059700498E2A /* build.xcconfig in Resources */ = {isa = PBXBuildFile; fileRef = 3047A5111AB8059700498E2A /* build.xcconfig */; };
		2E4BA5DE6CF04EA999C29454 /* CDVDevice.m in Sources */ = {isa = PBXBuildFile; fileRef = 50C8D3F2978D446AA9A53A28 /* CDVDevice.m */; };
		B4F6368F6E7C4CEC8FCFE802 /* CDVNotification.m in Sources */ = {isa = PBXBuildFile; fileRef = F6FE0DAA628844A88CDCB7FA /* CDVNotification.m */; };
		EB3B5D62B97D4698A67D43E9 /* CDVNotification.bundle in Resources */ = {isa = PBXBuildFile; fileRef = E05EC48E29FC48B29508603F /* CDVNotification.bundle */; };
		8FC847F7BD284BF3953A77F4 /* AudioToolbox.framework in Frameworks */ = {isa = PBXBuildFile; fileRef = 0C1A84C682554235A8CA1608 /* AudioToolbox.framework */; settings = {ATTRIBUTES = (Weak, ); }; };
		EEEB5F70CE8B43FCA7609FBB /* CDVGlobalization.m in Sources */ = {isa = PBXBuildFile; fileRef = A6F4C81A9CC0470190E2DB66 /* CDVGlobalization.m */; };
		53693F79E5C04F2B890C1F77 /* MFPAppDelegate.m in Sources */ = {isa = PBXBuildFile; fileRef = 299079C2A3F74A1D9FF6BF33 /* MFPAppDelegate.m */; };
		FAB93958AC694BB7B3F36C90 /* Localizations.bundle in Resources */ = {isa = PBXBuildFile; fileRef = 0603A759B6244B5E8BF21278 /* Localizations.bundle */; };
		0FCB042675694A0DB96C69CC /* Entitlements-Debug.plist in Resources */ = {isa = PBXBuildFile; fileRef = EB24E7DD6FE047D09ACD0FDC /* Entitlements-Debug.plist */; };
		1B92CB7FA0F846DBB057AFA1 /* Entitlements-Release.plist in Resources */ = {isa = PBXBuildFile; fileRef = CCF7C93C191C49B19CF4B409 /* Entitlements-Release.plist */; };
		87CA1D1C5FBE40B39FF8DDBE /* mfpclient.plist in Resources */ = {isa = PBXBuildFile; fileRef = DF7B3E531D1D42AB8B71641F /* mfpclient.plist */; };
		4F50AB86A90142128ECE8DE1 /* IBMMobileFirstPlatformFoundationHybrid.framework in Frameworks */ = {isa = PBXBuildFile; fileRef = 1BE988D8F47B40A7972A8E73 /* IBMMobileFirstPlatformFoundationHybrid.framework */; };
		3B7604587183457D9E8F79BE /* IBMMobileFirstPlatformFoundation.framework in Frameworks */ = {isa = PBXBuildFile; fileRef = CEA429290DE34E2C98500CC4 /* IBMMobileFirstPlatformFoundation.framework */; };
		8C85EDB1957E4437A904759E /* IBMMobileFirstPlatformFoundationOpenSSLUtils.framework in Frameworks */ = {isa = PBXBuildFile; fileRef = 8B13A59D284D46BAB909A21F /* IBMMobileFirstPlatformFoundationOpenSSLUtils.framework */; };
		DE24F4F670FD4513BDAE75AD /* openssl.framework in Frameworks */ = {isa = PBXBuildFile; fileRef = 732748AE8E5D4C1E87FBCA01 /* openssl.framework */; };
		4DCA0E0D8B5343FB9A5584A7 /* IBMMobileFirstPlatformFoundationJSONStore.framework in Frameworks */ = {isa = PBXBuildFile; fileRef = 1DCE8D83DBBA41E987EF4AFB /* IBMMobileFirstPlatformFoundationJSONStore.framework */; };
		C6B65972DD99447EB4AF89AF /* sqlcipher.framework in Frameworks */ = {isa = PBXBuildFile; fileRef = 22F7A7E970544171812A5550 /* sqlcipher.framework */; };
		C4770007E55448AFADBCA4A9 /* libstdc++.6.tbd in Resources */ = {isa = PBXBuildFile; fileRef = 229866478F344883B10E0B8C /* libstdc++.6.tbd */; };
		031BD5484300456493A60B45 /* libz.tbd in Resources */ = {isa = PBXBuildFile; fileRef = 1149F2A9C454480BA94268E6 /* libz.tbd */; };
		7F248B38F88C4AF18C106F43 /* libc++.tbd in Resources */ = {isa = PBXBuildFile; fileRef = 9AA7E5ADA14D43919DB0EE12 /* libc++.tbd */; };
		7A11A7B8684442C4879188B5 /* Security.framework in Frameworks */ = {isa = PBXBuildFile; fileRef = AF7891B0A3E54EF693C8D5C8 /* Security.framework */; };
		1A1049226FA645D99DA4EEF5 /* SystemConfiguration.framework in Frameworks */ = {isa = PBXBuildFile; fileRef = F844F7466A72485395E43DEC /* SystemConfiguration.framework */; };
		25C98C8090FA496DA7613A7C /* CDVSplashScreen.m in Sources */ = {isa = PBXBuildFile; fileRef = 888F360B3DD44EFFB4845921 /* CDVSplashScreen.m */; };
		45A3551D92A04108817AE96D /* CDVViewController+SplashScreen.m in Sources */ = {isa = PBXBuildFile; fileRef = 80EE89DBDED8498CBA2F21BC /* CDVViewController+SplashScreen.m */; };
/* End PBXBuildFile section */

/* Begin PBXContainerItemProxy section */
		301BF534109A57CC0062928A /* PBXContainerItemProxy */ = {
			isa = PBXContainerItemProxy;
			containerPortal = 301BF52D109A57CC0062928A /* CordovaLib.xcodeproj */;
			proxyType = 2;
			remoteGlobalIDString = D2AAC07E0554694100DB518D;
			remoteInfo = CordovaLib;
		};
		301BF550109A68C00062928A /* PBXContainerItemProxy */ = {
			isa = PBXContainerItemProxy;
			containerPortal = 301BF52D109A57CC0062928A /* CordovaLib.xcodeproj */;
			proxyType = 1;
			remoteGlobalIDString = D2AAC07D0554694100DB518D;
			remoteInfo = CordovaLib;
		};
/* End PBXContainerItemProxy section */

/* Begin PBXFileReference section */
		0207DA571B56EA530066E2B4 /* Images.xcassets */ = {isa = PBXFileReference; lastKnownFileType = folder.assetcatalog; name = Images.xcassets; path = "MFPStarterCordova 2/Images.xcassets"; sourceTree = SOURCE_ROOT; };
		1D3623240D0F684500981E51 /* AppDelegate.h */ = {isa = PBXFileReference; fileEncoding = 4; lastKnownFileType = sourcecode.c.h; path = AppDelegate.h; sourceTree = "<group>"; };
		1D3623250D0F684500981E51 /* AppDelegate.m */ = {isa = PBXFileReference; fileEncoding = 4; lastKnownFileType = sourcecode.c.objc; path = AppDelegate.m; sourceTree = "<group>"; };
		1D6058910D05DD3D006BFB54 /* MFPStarterCordova 2.app */ = {isa = PBXFileReference; explicitFileType = wrapper.application; includeInIndex = 0; path = "MFPStarterCordova 2.app"; sourceTree = BUILT_PRODUCTS_DIR; };
		29B97316FDCFA39411CA2CEA /* main.m */ = {isa = PBXFileReference; fileEncoding = 4; lastKnownFileType = sourcecode.c.objc; path = main.m; sourceTree = "<group>"; };
		301BF52D109A57CC0062928A /* CordovaLib.xcodeproj */ = {isa = PBXFileReference; lastKnownFileType = "wrapper.pb-project"; name = CordovaLib.xcodeproj; path = CordovaLib/CordovaLib.xcodeproj; sourceTree = "<group>"; };
		301BF56E109A69640062928A /* www */ = {isa = PBXFileReference; lastKnownFileType = folder; path = www; sourceTree = SOURCE_ROOT; };
		302D95EE14D2391D003F00A1 /* MainViewController.h */ = {isa = PBXFileReference; fileEncoding = 4; lastKnownFileType = sourcecode.c.h; path = MainViewController.h; sourceTree = "<group>"; };
		302D95EF14D2391D003F00A1 /* MainViewController.m */ = {isa = PBXFileReference; fileEncoding = 4; lastKnownFileType = sourcecode.c.objc; path = MainViewController.m; sourceTree = "<group>"; };
		302D95F014D2391D003F00A1 /* MainViewController.xib */ = {isa = PBXFileReference; fileEncoding = 4; lastKnownFileType = file.xib; path = MainViewController.xib; sourceTree = "<group>"; };
		3047A50F1AB8059700498E2A /* build-debug.xcconfig */ = {isa = PBXFileReference; fileEncoding = 4; lastKnownFileType = text.xcconfig; name = "build-debug.xcconfig"; path = cordova/build-debug.xcconfig; sourceTree = SOURCE_ROOT; };
		3047A5101AB8059700498E2A /* build-release.xcconfig */ = {isa = PBXFileReference; fileEncoding = 4; lastKnownFileType = text.xcconfig; name = "build-release.xcconfig"; path = cordova/build-release.xcconfig; sourceTree = SOURCE_ROOT; };
		3047A5111AB8059700498E2A /* build.xcconfig */ = {isa = PBXFileReference; fileEncoding = 4; lastKnownFileType = text.xcconfig; name = build.xcconfig; path = cordova/build.xcconfig; sourceTree = SOURCE_ROOT; };
		32CA4F630368D1EE00C91783 /* MFPStarterCordova 2-Prefix.pch */ = {isa = PBXFileReference; fileEncoding = 4; lastKnownFileType = sourcecode.c.h; path = "MFPStarterCordova 2-Prefix.pch"; sourceTree = "<group>"; };
		8D1107310486CEB800E47090 /* MFPStarterCordova 2-Info.plist */ = {isa = PBXFileReference; fileEncoding = 4; lastKnownFileType = text.plist.xml; name = "MFPStarterCordova 2-Info.plist"; path = "MFPStarterCordova 2/MFPStarterCordova 2-Info.plist"; plistStructureDefinitionIdentifier = "com.apple.xcode.plist.structure-definition.iphone.info-plist"; sourceTree = SOURCE_ROOT; };
		EB87FDF31871DA8E0020F90C /* www */ = {isa = PBXFileReference; lastKnownFileType = folder; name = www; path = ../../www; sourceTree = "<group>"; };
		EB87FDF41871DAF40020F90C /* config.xml */ = {isa = PBXFileReference; lastKnownFileType = text.xml; name = config.xml; path = ../../config.xml; sourceTree = "<group>"; };
		F840E1F0165FE0F500CFE078 /* config.xml */ = {isa = PBXFileReference; lastKnownFileType = text.xml; name = config.xml; path = "MFPStarterCordova 2/config.xml"; sourceTree = "<group>"; };
		ED33DF2A687741AEAF9F8254 /* Bridging-Header.h */ = {isa = PBXFileReference; fileEncoding = 4; lastKnownFileType = sourcecode.c.h; name = "Bridging-Header.h"; path = "Bridging-Header.h"; sourceTree = "<group>"; };
		50C8D3F2978D446AA9A53A28 /* CDVDevice.m */ = {isa = PBXFileReference; name = "CDVDevice.m"; path = "cordova-plugin-device/CDVDevice.m"; sourceTree = "<group>"; fileEncoding = 4; lastKnownFileType = sourcecode.c.objc; explicitFileType = undefined; includeInIndex = 0; };
		B5C57212E9984E048166B194 /* CDVDevice.h */ = {isa = PBXFileReference; name = "CDVDevice.h"; path = "cordova-plugin-device/CDVDevice.h"; sourceTree = "<group>"; fileEncoding = 4; lastKnownFileType = sourcecode.c.h; explicitFileType = undefined; includeInIndex = 0; };
		F6FE0DAA628844A88CDCB7FA /* CDVNotification.m */ = {isa = PBXFileReference; name = "CDVNotification.m"; path = "cordova-plugin-dialogs/CDVNotification.m"; sourceTree = "<group>"; fileEncoding = 4; lastKnownFileType = sourcecode.c.objc; explicitFileType = undefined; includeInIndex = 0; };
		C7C6D6C7F11547FB997402D4 /* CDVNotification.h */ = {isa = PBXFileReference; name = "CDVNotification.h"; path = "cordova-plugin-dialogs/CDVNotification.h"; sourceTree = "<group>"; fileEncoding = 4; lastKnownFileType = sourcecode.c.h; explicitFileType = undefined; includeInIndex = 0; };
		E05EC48E29FC48B29508603F /* CDVNotification.bundle */ = {isa = PBXFileReference; name = "CDVNotification.bundle"; path = "CDVNotification.bundle"; sourceTree = "<group>"; fileEncoding = undefined; lastKnownFileType = wrapper.plug-in; explicitFileType = undefined; includeInIndex = 0; };
		0C1A84C682554235A8CA1608 /* AudioToolbox.framework */ = {isa = PBXFileReference; name = "AudioToolbox.framework"; path = "System/Library/Frameworks/AudioToolbox.framework"; sourceTree = SDKROOT; fileEncoding = undefined; lastKnownFileType = wrapper.framework; explicitFileType = undefined; includeInIndex = 0; };
		A6F4C81A9CC0470190E2DB66 /* CDVGlobalization.m */ = {isa = PBXFileReference; name = "CDVGlobalization.m"; path = "cordova-plugin-globalization/CDVGlobalization.m"; sourceTree = "<group>"; fileEncoding = 4; lastKnownFileType = sourcecode.c.objc; explicitFileType = undefined; includeInIndex = 0; };
		785E990257654F3A9A5FF223 /* CDVGlobalization.h */ = {isa = PBXFileReference; name = "CDVGlobalization.h"; path = "cordova-plugin-globalization/CDVGlobalization.h"; sourceTree = "<group>"; fileEncoding = 4; lastKnownFileType = sourcecode.c.h; explicitFileType = undefined; includeInIndex = 0; };
		299079C2A3F74A1D9FF6BF33 /* MFPAppDelegate.m */ = {isa = PBXFileReference; name = "MFPAppDelegate.m"; path = "cordova-plugin-mfp/MFPAppDelegate.m"; sourceTree = "<group>"; fileEncoding = 4; lastKnownFileType = sourcecode.c.objc; explicitFileType = undefined; includeInIndex = 0; };
		3CAF2CCD74024EC89E8FAA6F /* MFPAppDelegate.h */ = {isa = PBXFileReference; name = "MFPAppDelegate.h"; path = "cordova-plugin-mfp/MFPAppDelegate.h"; sourceTree = "<group>"; fileEncoding = 4; lastKnownFileType = sourcecode.c.h; explicitFileType = undefined; includeInIndex = 0; };
		0603A759B6244B5E8BF21278 /* Localizations.bundle */ = {isa = PBXFileReference; name = "Localizations.bundle"; path = "Localizations.bundle"; sourceTree = "<group>"; fileEncoding = undefined; lastKnownFileType = wrapper.plug-in; explicitFileType = undefined; includeInIndex = 0; };
		EB24E7DD6FE047D09ACD0FDC /* Entitlements-Debug.plist */ = {isa = PBXFileReference; name = "Entitlements-Debug.plist"; path = "Entitlements-Debug.plist"; sourceTree = "<group>"; fileEncoding = 4; lastKnownFileType = text.plist.xml; explicitFileType = undefined; includeInIndex = 0; };
		CCF7C93C191C49B19CF4B409 /* Entitlements-Release.plist */ = {isa = PBXFileReference; name = "Entitlements-Release.plist"; path = "Entitlements-Release.plist"; sourceTree = "<group>"; fileEncoding = 4; lastKnownFileType = text.plist.xml; explicitFileType = undefined; includeInIndex = 0; };
		DF7B3E531D1D42AB8B71641F /* mfpclient.plist */ = {isa = PBXFileReference; name = "mfpclient.plist"; path = "mfpclient.plist"; sourceTree = "<group>"; fileEncoding = 4; lastKnownFileType = text.plist.xml; explicitFileType = undefined; includeInIndex = 0; };
		1BE988D8F47B40A7972A8E73 /* IBMMobileFirstPlatformFoundationHybrid.framework */ = {isa = PBXFileReference; name = "IBMMobileFirstPlatformFoundationHybrid.framework"; path = "MFPStarterCordova 2/Plugins/cordova-plugin-mfp/IBMMobileFirstPlatformFoundationHybrid.framework"; sourceTree = "<group>"; fileEncoding = undefined; lastKnownFileType = wrapper.framework; explicitFileType = undefined; includeInIndex = 0; };
		CEA429290DE34E2C98500CC4 /* IBMMobileFirstPlatformFoundation.framework */ = {isa = PBXFileReference; name = "IBMMobileFirstPlatformFoundation.framework"; path = "MFPStarterCordova 2/Plugins/cordova-plugin-mfp/IBMMobileFirstPlatformFoundation.framework"; sourceTree = "<group>"; fileEncoding = undefined; lastKnownFileType = wrapper.framework; explicitFileType = undefined; includeInIndex = 0; };
		8B13A59D284D46BAB909A21F /* IBMMobileFirstPlatformFoundationOpenSSLUtils.framework */ = {isa = PBXFileReference; name = "IBMMobileFirstPlatformFoundationOpenSSLUtils.framework"; path = "MFPStarterCordova 2/Plugins/cordova-plugin-mfp/IBMMobileFirstPlatformFoundationOpenSSLUtils.framework"; sourceTree = "<group>"; fileEncoding = undefined; lastKnownFileType = wrapper.framework; explicitFileType = undefined; includeInIndex = 0; };
		732748AE8E5D4C1E87FBCA01 /* openssl.framework */ = {isa = PBXFileReference; name = "openssl.framework"; path = "MFPStarterCordova 2/Plugins/cordova-plugin-mfp/openssl.framework"; sourceTree = "<group>"; fileEncoding = undefined; lastKnownFileType = wrapper.framework; explicitFileType = undefined; includeInIndex = 0; };
		1DCE8D83DBBA41E987EF4AFB /* IBMMobileFirstPlatformFoundationJSONStore.framework */ = {isa = PBXFileReference; name = "IBMMobileFirstPlatformFoundationJSONStore.framework"; path = "MFPStarterCordova 2/Plugins/cordova-plugin-mfp/IBMMobileFirstPlatformFoundationJSONStore.framework"; sourceTree = "<group>"; fileEncoding = undefined; lastKnownFileType = wrapper.framework; explicitFileType = undefined; includeInIndex = 0; };
		22F7A7E970544171812A5550 /* sqlcipher.framework */ = {isa = PBXFileReference; name = "sqlcipher.framework"; path = "MFPStarterCordova 2/Plugins/cordova-plugin-mfp/sqlcipher.framework"; sourceTree = "<group>"; fileEncoding = undefined; lastKnownFileType = wrapper.framework; explicitFileType = undefined; includeInIndex = 0; };
		229866478F344883B10E0B8C /* libstdc++.6.tbd */ = {isa = PBXFileReference; name = "libstdc++.6.tbd"; path = "libstdc++.6.tbd"; sourceTree = "<group>"; fileEncoding = undefined; lastKnownFileType = unknown; explicitFileType = undefined; includeInIndex = 0; };
		1149F2A9C454480BA94268E6 /* libz.tbd */ = {isa = PBXFileReference; name = "libz.tbd"; path = "libz.tbd"; sourceTree = "<group>"; fileEncoding = undefined; lastKnownFileType = unknown; explicitFileType = undefined; includeInIndex = 0; };
		9AA7E5ADA14D43919DB0EE12 /* libc++.tbd */ = {isa = PBXFileReference; name = "libc++.tbd"; path = "libc++.tbd"; sourceTree = "<group>"; fileEncoding = undefined; lastKnownFileType = unknown; explicitFileType = undefined; includeInIndex = 0; };
		AF7891B0A3E54EF693C8D5C8 /* Security.framework */ = {isa = PBXFileReference; name = "Security.framework"; path = "System/Library/Frameworks/Security.framework"; sourceTree = SDKROOT; fileEncoding = undefined; lastKnownFileType = wrapper.framework; explicitFileType = undefined; includeInIndex = 0; };
		F844F7466A72485395E43DEC /* SystemConfiguration.framework */ = {isa = PBXFileReference; name = "SystemConfiguration.framework"; path = "System/Library/Frameworks/SystemConfiguration.framework"; sourceTree = SDKROOT; fileEncoding = undefined; lastKnownFileType = wrapper.framework; explicitFileType = undefined; includeInIndex = 0; };
		888F360B3DD44EFFB4845921 /* CDVSplashScreen.m */ = {isa = PBXFileReference; name = "CDVSplashScreen.m"; path = "cordova-plugin-splashscreen/CDVSplashScreen.m"; sourceTree = "<group>"; fileEncoding = 4; lastKnownFileType = sourcecode.c.objc; explicitFileType = undefined; includeInIndex = 0; };
		80EE89DBDED8498CBA2F21BC /* CDVViewController+SplashScreen.m */ = {isa = PBXFileReference; name = "CDVViewController+SplashScreen.m"; path = "cordova-plugin-splashscreen/CDVViewController+SplashScreen.m"; sourceTree = "<group>"; fileEncoding = 4; lastKnownFileType = sourcecode.c.objc; explicitFileType = undefined; includeInIndex = 0; };
		36F78A9E3DBE4C5F83E9F765 /* CDVSplashScreen.h */ = {isa = PBXFileReference; name = "CDVSplashScreen.h"; path = "cordova-plugin-splashscreen/CDVSplashScreen.h"; sourceTree = "<group>"; fileEncoding = 4; lastKnownFileType = sourcecode.c.h; explicitFileType = undefined; includeInIndex = 0; };
		5823CC78703740E186CE99CC /* CDVViewController+SplashScreen.h */ = {isa = PBXFileReference; name = "CDVViewController+SplashScreen.h"; path = "cordova-plugin-splashscreen/CDVViewController+SplashScreen.h"; sourceTree = "<group>"; fileEncoding = 4; lastKnownFileType = sourcecode.c.h; explicitFileType = undefined; includeInIndex = 0; };
/* End PBXFileReference section */

/* Begin PBXFrameworksBuildPhase section */
		1D60588F0D05DD3D006BFB54 /* Frameworks */ = {
			isa = PBXFrameworksBuildPhase;
			buildActionMask = 2147483647;
			files = (
				301BF552109A68D80062928A /* libCordova.a in Frameworks */,
				8FC847F7BD284BF3953A77F4 /* AudioToolbox.framework in Frameworks */,
				4F50AB86A90142128ECE8DE1 /* IBMMobileFirstPlatformFoundationHybrid.framework in Frameworks */,
				3B7604587183457D9E8F79BE /* IBMMobileFirstPlatformFoundation.framework in Frameworks */,
				8C85EDB1957E4437A904759E /* IBMMobileFirstPlatformFoundationOpenSSLUtils.framework in Frameworks */,
				DE24F4F670FD4513BDAE75AD /* openssl.framework in Frameworks */,
				4DCA0E0D8B5343FB9A5584A7 /* IBMMobileFirstPlatformFoundationJSONStore.framework in Frameworks */,
				C6B65972DD99447EB4AF89AF /* sqlcipher.framework in Frameworks */,
				C4770007E55448AFADBCA4A9 /* libstdc++.6.tbd in Resources */,
				031BD5484300456493A60B45 /* libz.tbd in Resources */,
				7F248B38F88C4AF18C106F43 /* libc++.tbd in Resources */,
				7A11A7B8684442C4879188B5 /* Security.framework in Frameworks */,
				1A1049226FA645D99DA4EEF5 /* SystemConfiguration.framework in Frameworks */,
			);
			runOnlyForDeploymentPostprocessing = 0;
		};
/* End PBXFrameworksBuildPhase section */

/* Begin PBXGroup section */
		080E96DDFE201D6D7F000001 /* Classes */ = {
			isa = PBXGroup;
			children = (
				302D95EE14D2391D003F00A1 /* MainViewController.h */,
				302D95EF14D2391D003F00A1 /* MainViewController.m */,
				302D95F014D2391D003F00A1 /* MainViewController.xib */,
				1D3623240D0F684500981E51 /* AppDelegate.h */,
				1D3623250D0F684500981E51 /* AppDelegate.m */,
			);
			name = Classes;
			path = "MFPStarterCordova 2/Classes";
			sourceTree = SOURCE_ROOT;
		};
		19C28FACFE9D520D11CA2CBB /* Products */ = {
			isa = PBXGroup;
			children = (
				1D6058910D05DD3D006BFB54 /* MFPStarterCordova 2.app */,
			);
			name = Products;
			sourceTree = "<group>";
		};
		29B97314FDCFA39411CA2CEA /* CustomTemplate */ = {
			isa = PBXGroup;
			children = (
				EB87FDF41871DAF40020F90C /* config.xml */,
				EB87FDF31871DA8E0020F90C /* www */,
				EB87FDF11871DA420020F90C /* Staging */,
				301BF52D109A57CC0062928A /* CordovaLib.xcodeproj */,
				080E96DDFE201D6D7F000001 /* Classes */,
				307C750510C5A3420062BCA9 /* Plugins */,
				29B97315FDCFA39411CA2CEA /* Other Sources */,
				29B97317FDCFA39411CA2CEA /* Resources */,
				29B97323FDCFA39411CA2CEA /* Frameworks */,
				19C28FACFE9D520D11CA2CBB /* Products */,
			);
			name = CustomTemplate;
			sourceTree = "<group>";
		};
		29B97315FDCFA39411CA2CEA /* Other Sources */ = {
			isa = PBXGroup;
			children = (
				32CA4F630368D1EE00C91783 /* MFPStarterCordova 2-Prefix.pch */,
				29B97316FDCFA39411CA2CEA /* main.m */,
				ED33DF2A687741AEAF9F8254 /* Bridging-Header.h */,
			);
			name = "Other Sources";
			path = "MFPStarterCordova 2";
			sourceTree = "<group>";
		};
		29B97317FDCFA39411CA2CEA /* Resources */ = {
			isa = PBXGroup;
			children = (
				0207DA571B56EA530066E2B4 /* Images.xcassets */,
				3047A50E1AB8057F00498E2A /* config */,
				8D1107310486CEB800E47090 /* MFPStarterCordova 2-Info.plist */,
				E05EC48E29FC48B29508603F /* CDVNotification.bundle */,
				0603A759B6244B5E8BF21278 /* Localizations.bundle */,
				EB24E7DD6FE047D09ACD0FDC /* Entitlements-Debug.plist */,
				CCF7C93C191C49B19CF4B409 /* Entitlements-Release.plist */,
				DF7B3E531D1D42AB8B71641F /* mfpclient.plist */,
			);
			name = Resources;
			path = "MFPStarterCordova 2/Resources";
			sourceTree = "<group>";
		};
		29B97323FDCFA39411CA2CEA /* Frameworks */ = {
			isa = PBXGroup;
			children = (
				0C1A84C682554235A8CA1608 /* AudioToolbox.framework */,
				1BE988D8F47B40A7972A8E73 /* IBMMobileFirstPlatformFoundationHybrid.framework */,
				CEA429290DE34E2C98500CC4 /* IBMMobileFirstPlatformFoundation.framework */,
				8B13A59D284D46BAB909A21F /* IBMMobileFirstPlatformFoundationOpenSSLUtils.framework */,
				732748AE8E5D4C1E87FBCA01 /* openssl.framework */,
				1DCE8D83DBBA41E987EF4AFB /* IBMMobileFirstPlatformFoundationJSONStore.framework */,
				22F7A7E970544171812A5550 /* sqlcipher.framework */,
				229866478F344883B10E0B8C /* libstdc++.6.tbd */,
				1149F2A9C454480BA94268E6 /* libz.tbd */,
				9AA7E5ADA14D43919DB0EE12 /* libc++.tbd */,
				AF7891B0A3E54EF693C8D5C8 /* Security.framework */,
				F844F7466A72485395E43DEC /* SystemConfiguration.framework */,
			);
			name = Frameworks;
			sourceTree = "<group>";
		};
		301BF52E109A57CC0062928A /* Products */ = {
			isa = PBXGroup;
			children = (
				301BF535109A57CC0062928A /* libCordova.a */,
			);
			name = Products;
			sourceTree = "<group>";
		};
		3047A50E1AB8057F00498E2A /* config */ = {
			isa = PBXGroup;
			children = (
				3047A50F1AB8059700498E2A /* build-debug.xcconfig */,
				3047A5101AB8059700498E2A /* build-release.xcconfig */,
				3047A5111AB8059700498E2A /* build.xcconfig */,
			);
			name = config;
			sourceTree = "<group>";
		};
		307C750510C5A3420062BCA9 /* Plugins */ = {
			isa = PBXGroup;
			children = (
				50C8D3F2978D446AA9A53A28 /* CDVDevice.m */,
				B5C57212E9984E048166B194 /* CDVDevice.h */,
				F6FE0DAA628844A88CDCB7FA /* CDVNotification.m */,
				C7C6D6C7F11547FB997402D4 /* CDVNotification.h */,
				A6F4C81A9CC0470190E2DB66 /* CDVGlobalization.m */,
				785E990257654F3A9A5FF223 /* CDVGlobalization.h */,
				299079C2A3F74A1D9FF6BF33 /* MFPAppDelegate.m */,
				3CAF2CCD74024EC89E8FAA6F /* MFPAppDelegate.h */,
				888F360B3DD44EFFB4845921 /* CDVSplashScreen.m */,
				80EE89DBDED8498CBA2F21BC /* CDVViewController+SplashScreen.m */,
				36F78A9E3DBE4C5F83E9F765 /* CDVSplashScreen.h */,
				5823CC78703740E186CE99CC /* CDVViewController+SplashScreen.h */,
			);
			name = Plugins;
			path = "MFPStarterCordova 2/Plugins";
			sourceTree = SOURCE_ROOT;
		};
		EB87FDF11871DA420020F90C /* Staging */ = {
			isa = PBXGroup;
			children = (
				F840E1F0165FE0F500CFE078 /* config.xml */,
				301BF56E109A69640062928A /* www */,
			);
			name = Staging;
			sourceTree = "<group>";
		};
/* End PBXGroup section */

/* Begin PBXNativeTarget section */
		1D6058900D05DD3D006BFB54 /* MFPStarterCordova 2 */ = {
			isa = PBXNativeTarget;
			buildConfigurationList = 1D6058960D05DD3E006BFB54 /* Build configuration list for PBXNativeTarget "MFPStarterCordova 2" */;
			buildPhases = (
				304B58A110DAC018002A0835 /* Copy www directory */,
				1D60588D0D05DD3D006BFB54 /* Resources */,
				1D60588E0D05DD3D006BFB54 /* Sources */,
				1D60588F0D05DD3D006BFB54 /* Frameworks */,
			);
			buildRules = (
			);
			dependencies = (
				301BF551109A68C00062928A /* PBXTargetDependency */,
			);
			name = "MFPStarterCordova 2";
			productName = "MFPStarterCordova 2";
			productReference = 1D6058910D05DD3D006BFB54 /* MFPStarterCordova 2.app */;
			productType = "com.apple.product-type.application";
		};
/* End PBXNativeTarget section */

/* Begin PBXProject section */
		29B97313FDCFA39411CA2CEA /* Project object */ = {
			isa = PBXProject;
			attributes = {
				LastUpgradeCheck = 510;
			};
			buildConfigurationList = C01FCF4E08A954540054247B /* Build configuration list for PBXProject "__NON-CLI__" */;
			compatibilityVersion = "Xcode 3.2";
			developmentRegion = English;
			hasScannedForEncodings = 1;
			mainGroup = 29B97314FDCFA39411CA2CEA /* CustomTemplate */;
			projectDirPath = "";
			projectReferences = (
				{
					ProductGroup = 301BF52E109A57CC0062928A /* Products */;
					ProjectRef = 301BF52D109A57CC0062928A /* CordovaLib.xcodeproj */;
				},
			);
			projectRoot = "";
			targets = (
				1D6058900D05DD3D006BFB54 /* MFPStarterCordova 2 */,
			);
		};
/* End PBXProject section */

/* Begin PBXReferenceProxy section */
		301BF535109A57CC0062928A /* libCordova.a */ = {
			isa = PBXReferenceProxy;
			fileType = archive.ar;
			path = libCordova.a;
			remoteRef = 301BF534109A57CC0062928A /* PBXContainerItemProxy */;
			sourceTree = BUILT_PRODUCTS_DIR;
		};
/* End PBXReferenceProxy section */

/* Begin PBXResourcesBuildPhase section */
		1D60588D0D05DD3D006BFB54 /* Resources */ = {
			isa = PBXResourcesBuildPhase;
			buildActionMask = 2147483647;
			files = (
				302D95F214D2391D003F00A1 /* MainViewController.xib in Resources */,
				3047A5131AB8059700498E2A /* build-release.xcconfig in Resources */,
				3047A5141AB8059700498E2A /* build.xcconfig in Resources */,
				0207DA581B56EA530066E2B4 /* Images.xcassets in Resources */,
				3047A5121AB8059700498E2A /* build-debug.xcconfig in Resources */,
				EB3B5D62B97D4698A67D43E9 /* CDVNotification.bundle in Resources */,
				FAB93958AC694BB7B3F36C90 /* Localizations.bundle in Resources */,
				0FCB042675694A0DB96C69CC /* Entitlements-Debug.plist in Resources */,
				1B92CB7FA0F846DBB057AFA1 /* Entitlements-Release.plist in Resources */,
				87CA1D1C5FBE40B39FF8DDBE /* mfpclient.plist in Resources */,
			);
			runOnlyForDeploymentPostprocessing = 0;
		};
/* End PBXResourcesBuildPhase section */

/* Begin PBXShellScriptBuildPhase section */
		304B58A110DAC018002A0835 /* Copy www directory */ = {
			isa = PBXShellScriptBuildPhase;
			buildActionMask = 2147483647;
			files = (
			);
			inputPaths = (
			);
			name = "Copy www directory";
			outputPaths = (
			);
			runOnlyForDeploymentPostprocessing = 0;
			shellPath = /bin/sh;
			shellScript = "NODEJS_PATH=/usr/local/bin; NVM_NODE_PATH=~/.nvm/versions/node/`nvm version 2>/dev/null`/bin; N_NODE_PATH=`find /usr/local/n/versions/node/* -maxdepth 0 -type d 2>/dev/null | tail -1`/bin; XCODE_NODE_PATH=`xcode-select --print-path`/usr/share/xcs/Node/bin; PATH=$NODEJS_PATH:$NVM_NODE_PATH:$N_NODE_PATH:$XCODE_NODE_PATH:$PATH && node cordova/lib/copy-www-build-step.js";
			showEnvVarsInLog = 0;
		};
/* End PBXShellScriptBuildPhase section */

/* Begin PBXSourcesBuildPhase section */
		1D60588E0D05DD3D006BFB54 /* Sources */ = {
			isa = PBXSourcesBuildPhase;
			buildActionMask = 2147483647;
			files = (
				1D60589B0D05DD56006BFB54 /* main.m in Sources */,
				1D3623260D0F684500981E51 /* AppDelegate.m in Sources */,
				302D95F114D2391D003F00A1 /* MainViewController.m in Sources */,
				2E4BA5DE6CF04EA999C29454 /* CDVDevice.m in Sources */,
				B4F6368F6E7C4CEC8FCFE802 /* CDVNotification.m in Sources */,
				EEEB5F70CE8B43FCA7609FBB /* CDVGlobalization.m in Sources */,
				53693F79E5C04F2B890C1F77 /* MFPAppDelegate.m in Sources */,
				25C98C8090FA496DA7613A7C /* CDVSplashScreen.m in Sources */,
				45A3551D92A04108817AE96D /* CDVViewController+SplashScreen.m in Sources */,
			);
			runOnlyForDeploymentPostprocessing = 0;
		};
/* End PBXSourcesBuildPhase section */

/* Begin PBXTargetDependency section */
		301BF551109A68C00062928A /* PBXTargetDependency */ = {
			isa = PBXTargetDependency;
			name = CordovaLib;
			targetProxy = 301BF550109A68C00062928A /* PBXContainerItemProxy */;
		};
/* End PBXTargetDependency section */

/* Begin XCBuildConfiguration section */
		1D6058940D05DD3E006BFB54 /* Debug */ = {
			isa = XCBuildConfiguration;
			baseConfigurationReference = 3047A50F1AB8059700498E2A /* build-debug.xcconfig */;
			buildSettings = {
				ALWAYS_SEARCH_USER_PATHS = NO;
				ASSETCATALOG_COMPILER_APPICON_NAME = AppIcon;
				ASSETCATALOG_COMPILER_LAUNCHIMAGE_NAME = LaunchImage;
				CLANG_ENABLE_MODULES = YES;
				CLANG_ENABLE_OBJC_ARC = YES;
				COPY_PHASE_STRIP = NO;
				GCC_DYNAMIC_NO_PIC = NO;
				GCC_OPTIMIZATION_LEVEL = 0;
				GCC_PRECOMPILE_PREFIX_HEADER = YES;
				GCC_PREFIX_HEADER = "MFPStarterCordova 2/MFPStarterCordova 2-Prefix.pch";
				GCC_THUMB_SUPPORT = NO;
				GCC_VERSION = "";
				INFOPLIST_FILE = "MFPStarterCordova 2/MFPStarterCordova 2-Info.plist";
				LD_RUNPATH_SEARCH_PATHS = "@executable_path/Frameworks";
				PRODUCT_NAME = "MFPStarterCordova 2 2";
				FRAMEWORK_SEARCH_PATHS = (
					"$(inherited)",
					"\"MFPStarterCordova 2/Plugins/cordova-plugin-mfp\"",
					"\"MFPStarterCordova 2/Plugins/cordova-plugin-mfp\"",
					"\"MFPStarterCordova 2/Plugins/cordova-plugin-mfp\"",
					"\"MFPStarterCordova 2/Plugins/cordova-plugin-mfp\"",
					"\"MFPStarterCordova 2/Plugins/cordova-plugin-mfp\"",
					"\"MFPStarterCordova 2/Plugins/cordova-plugin-mfp\"",
				);
			};
			name = Debug;
		};
		1D6058950D05DD3E006BFB54 /* Release */ = {
			isa = XCBuildConfiguration;
			baseConfigurationReference = 3047A5101AB8059700498E2A /* build-release.xcconfig */;
			buildSettings = {
				ALWAYS_SEARCH_USER_PATHS = NO;
				ASSETCATALOG_COMPILER_APPICON_NAME = AppIcon;
				ASSETCATALOG_COMPILER_LAUNCHIMAGE_NAME = LaunchImage;
				CLANG_ENABLE_MODULES = YES;
				CLANG_ENABLE_OBJC_ARC = YES;
				COPY_PHASE_STRIP = YES;
				GCC_PRECOMPILE_PREFIX_HEADER = YES;
				GCC_PREFIX_HEADER = "MFPStarterCordova 2/MFPStarterCordova 2-Prefix.pch";
				GCC_THUMB_SUPPORT = NO;
				GCC_VERSION = "";
				INFOPLIST_FILE = "MFPStarterCordova 2/MFPStarterCordova 2-Info.plist";
				PRODUCT_NAME = "MFPStarterCordova 2 2";
				FRAMEWORK_SEARCH_PATHS = (
					"$(inherited)",
					"\"MFPStarterCordova 2/Plugins/cordova-plugin-mfp\"",
					"\"MFPStarterCordova 2/Plugins/cordova-plugin-mfp\"",
					"\"MFPStarterCordova 2/Plugins/cordova-plugin-mfp\"",
					"\"MFPStarterCordova 2/Plugins/cordova-plugin-mfp\"",
					"\"MFPStarterCordova 2/Plugins/cordova-plugin-mfp\"",
					"\"MFPStarterCordova 2/Plugins/cordova-plugin-mfp\"",
				);
			};
			name = Release;
		};
		C01FCF4F08A954540054247B /* Debug */ = {
			isa = XCBuildConfiguration;
			baseConfigurationReference = 3047A5111AB8059700498E2A /* build.xcconfig */;
			buildSettings = {
				CLANG_ENABLE_MODULES = YES;
				CLANG_ENABLE_OBJC_ARC = YES;
				CLANG_WARN_BOOL_CONVERSION = YES;
				CLANG_WARN_CONSTANT_CONVERSION = YES;
				CLANG_WARN_EMPTY_BODY = YES;
				CLANG_WARN_ENUM_CONVERSION = YES;
				CLANG_WARN_INT_CONVERSION = YES;
				CLANG_WARN__DUPLICATE_METHOD_MATCH = YES;
				GCC_C_LANGUAGE_STANDARD = c99;
				GCC_THUMB_SUPPORT = NO;
				GCC_VERSION = "";
				GCC_WARN_ABOUT_RETURN_TYPE = YES;
				GCC_WARN_UNDECLARED_SELECTOR = YES;
				GCC_WARN_UNINITIALIZED_AUTOS = YES;
				GCC_WARN_UNUSED_FUNCTION = YES;
				GCC_WARN_UNUSED_VARIABLE = YES;
				ONLY_ACTIVE_ARCH = YES;
				SDKROOT = iphoneos;
				SKIP_INSTALL = NO;
				PRODUCT_NAME = "MFPStarterCordova 2 2";
			};
			name = Debug;
		};
		C01FCF5008A954540054247B /* Release */ = {
			isa = XCBuildConfiguration;
			baseConfigurationReference = 3047A5111AB8059700498E2A /* build.xcconfig */;
			buildSettings = {
				CLANG_ENABLE_MODULES = YES;
				CLANG_ENABLE_OBJC_ARC = YES;
				CLANG_WARN_BOOL_CONVERSION = YES;
				CLANG_WARN_CONSTANT_CONVERSION = YES;
				CLANG_WARN_EMPTY_BODY = YES;
				CLANG_WARN_ENUM_CONVERSION = YES;
				CLANG_WARN_INT_CONVERSION = YES;
				CLANG_WARN__DUPLICATE_METHOD_MATCH = YES;
				GCC_C_LANGUAGE_STANDARD = c99;
				GCC_THUMB_SUPPORT = NO;
				GCC_VERSION = "";
				GCC_WARN_ABOUT_RETURN_TYPE = YES;
				GCC_WARN_UNDECLARED_SELECTOR = YES;
				GCC_WARN_UNINITIALIZED_AUTOS = YES;
				GCC_WARN_UNUSED_FUNCTION = YES;
				GCC_WARN_UNUSED_VARIABLE = YES;
				SDKROOT = iphoneos;
				SKIP_INSTALL = NO;
				PRODUCT_NAME = "MFPStarterCordova 2 2";
			};
			name = Release;
		};
/* End XCBuildConfiguration section */

/* Begin XCConfigurationList section */
		1D6058960D05DD3E006BFB54 /* Build configuration list for PBXNativeTarget "MFPStarterCordova 2" */ = {
			isa = XCConfigurationList;
			buildConfigurations = (
				1D6058940D05DD3E006BFB54 /* Debug */,
				1D6058950D05DD3E006BFB54 /* Release */,
			);
			defaultConfigurationIsVisible = 0;
			defaultConfigurationName = Release;
		};
		C01FCF4E08A954540054247B /* Build configuration list for PBXProject "__NON-CLI__" */ = {
			isa = XCConfigurationList;
			buildConfigurations = (
				C01FCF4F08A954540054247B /* Debug */,
				C01FCF5008A954540054247B /* Release */,
			);
			defaultConfigurationIsVisible = 0;
			defaultConfigurationName = Release;
		};
/* End XCConfigurationList section */
	};
	rootObject = 29B97313FDCFA39411CA2CEA /* Project object */;
}
